
Microsoft Visual Studio Solution File, Format Version 12.00
# Visual Studio Version 17
VisualStudioVersion = 17.0.31903.59
MinimumVisualStudioVersion = 10.0.40219.1
Project("{2150E333-8FDC-42A3-9474-1A3956D46DE8}") = "src", "src", "{827E0CD3-B72D-47B6-A68D-7590B98EB39B}"
EndProject
Project("{2150E333-8FDC-42A3-9474-1A3956D46DE8}") = "tests", "tests", "{0AB3BF05-4346-4AA6-1389-037BE0695223}"
EndProject
Project("{2150E333-8FDC-42A3-9474-1A3956D46DE8}") = "scripts", "scripts", "{C4AD9936-F0DF-1090-6077-3D4A6324E662}"
EndProject
Project("{FAE04EC0-301F-11D3-BF4B-00C04F79EFBC}") = "ERPTestApp", "src\ERPTestApp\ERPTestApp.csproj", "{DE1419F4-2DA7-E177-9DDE-DDB5808DC9D5}"
EndProject
Project("{FAE04EC0-301F-11D3-BF4B-00C04F79EFBC}") = "ERPMainApp", "src\ERPMainApp\ERPMainApp.csproj", "{C2D4952C-CE41-B2A9-6CD2-A535659238FD}"
EndProject
Project("{FAE04EC0-301F-11D3-BF4B-00C04F79EFBC}") = "ERPLauncher", "src\ERPLauncher\ERPLauncher.csproj", "{51C2A496-BD2B-0E90-8B27-81E24AA4B3AB}"
EndProject
Project("{FAE04EC0-301F-11D3-BF4B-00C04F79EFBC}") = "ERPCore", "src\ERPCore\ERPCore.csproj", "{FE6BAAB8-0A9A-EBE6-2754-A738C0B1B49A}"
EndProject
Project("{FAE04EC0-301F-11D3-BF4B-00C04F79EFBC}") = "ERPBackup", "scripts\ERPBackup\ERPBackup.csproj", "{06F6F9C8-5B60-D233-F79D-654A98F43AD6}"
EndProject
Global
	GlobalSection(SolutionConfigurationPlatforms) = preSolution
		Debug|Any CPU = Debug|Any CPU
		Debug|x64 = Debug|x64
		Debug|x86 = Debug|x86
		Release|Any CPU = Release|Any CPU
		Release|x64 = Release|x64
		Release|x86 = Release|x86
	EndGlobalSection
	GlobalSection(ProjectConfigurationPlatforms) = postSolution
		{DE1419F4-2DA7-E177-9DDE-DDB5808DC9D5}.Debug|Any CPU.ActiveCfg = Debug|Any CPU
		{DE1419F4-2DA7-E177-9DDE-DDB5808DC9D5}.Debug|Any CPU.Build.0 = Debug|Any CPU
		{DE1419F4-2DA7-E177-9DDE-DDB5808DC9D5}.Debug|x64.ActiveCfg = Debug|Any CPU
		{DE1419F4-2DA7-E177-9DDE-DDB5808DC9D5}.Debug|x64.Build.0 = Debug|Any CPU
		{DE1419F4-2DA7-E177-9DDE-DDB5808DC9D5}.Debug|x86.ActiveCfg = Debug|Any CPU
		{DE1419F4-2DA7-E177-9DDE-DDB5808DC9D5}.Debug|x86.Build.0 = Debug|Any CPU
		{DE1419F4-2DA7-E177-9DDE-DDB5808DC9D5}.Release|Any CPU.ActiveCfg = Release|Any CPU
		{DE1419F4-2DA7-E177-9DDE-DDB5808DC9D5}.Release|Any CPU.Build.0 = Release|Any CPU
		{DE1419F4-2DA7-E177-9DDE-DDB5808DC9D5}.Release|x64.ActiveCfg = Release|Any CPU
		{DE1419F4-2DA7-E177-9DDE-DDB5808DC9D5}.Release|x64.Build.0 = Release|Any CPU
		{DE1419F4-2DA7-E177-9DDE-DDB5808DC9D5}.Release|x86.ActiveCfg = Release|Any CPU
		{DE1419F4-2DA7-E177-9DDE-DDB5808DC9D5}.Release|x86.Build.0 = Release|Any CPU
		{C2D4952C-CE41-B2A9-6CD2-A535659238FD}.Debug|Any CPU.ActiveCfg = Debug|Any CPU
		{C2D4952C-CE41-B2A9-6CD2-A535659238FD}.Debug|Any CPU.Build.0 = Debug|Any CPU
		{C2D4952C-CE41-B2A9-6CD2-A535659238FD}.Debug|x64.ActiveCfg = Debug|Any CPU
		{C2D4952C-CE41-B2A9-6CD2-A535659238FD}.Debug|x64.Build.0 = Debug|Any CPU
		{C2D4952C-CE41-B2A9-6CD2-A535659238FD}.Debug|x86.ActiveCfg = Debug|Any CPU
		{C2D4952C-CE41-B2A9-6CD2-A535659238FD}.Debug|x86.Build.0 = Debug|Any CPU
		{C2D4952C-CE41-B2A9-6CD2-A535659238FD}.Release|Any CPU.ActiveCfg = Release|Any CPU
		{C2D4952C-CE41-B2A9-6CD2-A535659238FD}.Release|Any CPU.Build.0 = Release|Any CPU
		{C2D4952C-CE41-B2A9-6CD2-A535659238FD}.Release|x64.ActiveCfg = Release|Any CPU
		{C2D4952C-CE41-B2A9-6CD2-A535659238FD}.Release|x64.Build.0 = Release|Any CPU
		{C2D4952C-CE41-B2A9-6CD2-A535659238FD}.Release|x86.ActiveCfg = Release|Any CPU
		{C2D4952C-CE41-B2A9-6CD2-A535659238FD}.Release|x86.Build.0 = Release|Any CPU
		{51C2A496-BD2B-0E90-8B27-81E24AA4B3AB}.Debug|Any CPU.ActiveCfg = Debug|Any CPU
		{51C2A496-BD2B-0E90-8B27-81E24AA4B3AB}.Debug|Any CPU.Build.0 = Debug|Any CPU
		{51C2A496-BD2B-0E90-8B27-81E24AA4B3AB}.Debug|x64.ActiveCfg = Debug|Any CPU
		{51C2A496-BD2B-0E90-8B27-81E24AA4B3AB}.Debug|x64.Build.0 = Debug|Any CPU
		{51C2A496-BD2B-0E90-8B27-81E24AA4B3AB}.Debug|x86.ActiveCfg = Debug|Any CPU
		{51C2A496-BD2B-0E90-8B27-81E24AA4B3AB}.Debug|x86.Build.0 = Debug|Any CPU
		{51C2A496-BD2B-0E90-8B27-81E24AA4B3AB}.Release|Any CPU.ActiveCfg = Release|Any CPU
		{51C2A496-BD2B-0E90-8B27-81E24AA4B3AB}.Release|Any CPU.Build.0 = Release|Any CPU
		{51C2A496-BD2B-0E90-8B27-81E24AA4B3AB}.Release|x64.ActiveCfg = Release|Any CPU
		{51C2A496-BD2B-0E90-8B27-81E24AA4B3AB}.Release|x64.Build.0 = Release|Any CPU
		{51C2A496-BD2B-0E90-8B27-81E24AA4B3AB}.Release|x86.ActiveCfg = Release|Any CPU
		{51C2A496-BD2B-0E90-8B27-81E24AA4B3AB}.Release|x86.Build.0 = Release|Any CPU
		{FE6BAAB8-0A9A-EBE6-2754-A738C0B1B49A}.Debug|Any CPU.ActiveCfg = Debug|Any CPU
		{FE6BAAB8-0A9A-EBE6-2754-A738C0B1B49A}.Debug|Any CPU.Build.0 = Debug|Any CPU
		{FE6BAAB8-0A9A-EBE6-2754-A738C0B1B49A}.Debug|x64.ActiveCfg = Debug|Any CPU
		{FE6BAAB8-0A9A-EBE6-2754-A738C0B1B49A}.Debug|x64.Build.0 = Debug|Any CPU
		{FE6BAAB8-0A9A-EBE6-2754-A738C0B1B49A}.Debug|x86.ActiveCfg = Debug|Any CPU
		{FE6BAAB8-0A9A-EBE6-2754-A738C0B1B49A}.Debug|x86.Build.0 = Debug|Any CPU
		{FE6BAAB8-0A9A-EBE6-2754-A738C0B1B49A}.Release|Any CPU.ActiveCfg = Release|Any CPU
		{FE6BAAB8-0A9A-EBE6-2754-A738C0B1B49A}.Release|Any CPU.Build.0 = Release|Any CPU
		{FE6BAAB8-0A9A-EBE6-2754-A738C0B1B49A}.Release|x64.ActiveCfg = Release|Any CPU
		{FE6BAAB8-0A9A-EBE6-2754-A738C0B1B49A}.Release|x64.Build.0 = Release|Any CPU
		{FE6BAAB8-0A9A-EBE6-2754-A738C0B1B49A}.Release|x86.ActiveCfg = Release|Any CPU
		{FE6BAAB8-0A9A-EBE6-2754-A738C0B1B49A}.Release|x86.Build.0 = Release|Any CPU
		{06F6F9C8-5B60-D233-F79D-654A98F43AD6}.Debug|Any CPU.ActiveCfg = Debug|Any CPU
		{06F6F9C8-5B60-D233-F79D-654A98F43AD6}.Debug|Any CPU.Build.0 = Debug|Any CPU
		{06F6F9C8-5B60-D233-F79D-654A98F43AD6}.Debug|x64.ActiveCfg = Debug|Any CPU
		{06F6F9C8-5B60-D233-F79D-654A98F43AD6}.Debug|x64.Build.0 = Debug|Any CPU
		{06F6F9C8-5B60-D233-F79D-654A98F43AD6}.Debug|x86.ActiveCfg = Debug|Any CPU
		{06F6F9C8-5B60-D233-F79D-654A98F43AD6}.Debug|x86.Build.0 = Debug|Any CPU
		{06F6F9C8-5B60-D233-F79D-654A98F43AD6}.Release|Any CPU.ActiveCfg = Release|Any CPU
		{06F6F9C8-5B60-D233-F79D-654A98F43AD6}.Release|Any CPU.Build.0 = Release|Any CPU
		{06F6F9C8-5B60-D233-F79D-654A98F43AD6}.Release|x64.ActiveCfg = Release|Any CPU
		{06F6F9C8-5B60-D233-F79D-654A98F43AD6}.Release|x64.Build.0 = Release|Any CPU
		{06F6F9C8-5B60-D233-F79D-654A98F43AD6}.Release|x86.ActiveCfg = Release|Any CPU
		{06F6F9C8-5B60-D233-F79D-654A98F43AD6}.Release|x86.Build.0 = Release|Any CPU
	EndGlobalSection
	GlobalSection(SolutionProperties) = preSolution
		HideSolutionNode = FALSE
	EndGlobalSection
	GlobalSection(NestedProjects) = preSolution
		{DE1419F4-2DA7-E177-9DDE-DDB5808DC9D5} = {827E0CD3-B72D-47B6-A68D-7590B98EB39B}
		{C2D4952C-CE41-B2A9-6CD2-A535659238FD} = {827E0CD3-B72D-47B6-A68D-7590B98EB39B}
		{51C2A496-BD2B-0E90-8B27-81E24AA4B3AB} = {827E0CD3-B72D-47B6-A68D-7590B98EB39B}
		{FE6BAAB8-0A9A-EBE6-2754-A738C0B1B49A} = {827E0CD3-B72D-47B6-A68D-7590B98EB39B}
		{06F6F9C8-5B60-D233-F79D-654A98F43AD6} = {C4AD9936-F0DF-1090-6077-3D4A6324E662}
	EndGlobalSection
	GlobalSection(ExtensibilityGlobals) = postSolution
		SolutionGuid = {6F08211F-82C0-45A9-A80A-F77E6560A3D7}
	EndGlobalSection
EndGlobal
